
Microsoft Visual Studio Solution File, Format Version 12.00
# Visual Studio Version 17
VisualStudioVersion = 17.5.33530.505
MinimumVisualStudioVersion = 10.0.40219.1
Project("{9A19103F-16F7-4668-BE54-9A1E7A4F7556}") = "ChallengeApp", "ChallengeApp\ChallengeApp.csproj", "{D7875FE7-A328-4695-88A9-D34C82AE23AE}"
EndProject
Project("{FAE04EC0-301F-11D3-BF4B-00C04F79EFBC}") = "ChallengeApp.Test", "ChallengeApp.Test\ChallengeApp.Test.csproj", "{D1818C6A-E12B-4426-8C4E-A3F03D807DA2}"
EndProject
Global
	GlobalSection(SolutionConfigurationPlatforms) = preSolution
		Debug|Any CPU = Debug|Any CPU
		Release|Any CPU = Release|Any CPU
	EndGlobalSection
	GlobalSection(ProjectConfigurationPlatforms) = postSolution
		{D7875FE7-A328-4695-88A9-D34C82AE23AE}.Debug|Any CPU.ActiveCfg = Debug|Any CPU
		{D7875FE7-A328-4695-88A9-D34C82AE23AE}.Debug|Any CPU.Build.0 = Debug|Any CPU
		{D7875FE7-A328-4695-88A9-D34C82AE23AE}.Release|Any CPU.ActiveCfg = Release|Any CPU
		{D7875FE7-A328-4695-88A9-D34C82AE23AE}.Release|Any CPU.Build.0 = Release|Any CPU
		{D1818C6A-E12B-4426-8C4E-A3F03D807DA2}.Debug|Any CPU.ActiveCfg = Debug|Any CPU
		{D1818C6A-E12B-4426-8C4E-A3F03D807DA2}.Debug|Any CPU.Build.0 = Debug|Any CPU
		{D1818C6A-E12B-4426-8C4E-A3F03D807DA2}.Release|Any CPU.ActiveCfg = Release|Any CPU
		{D1818C6A-E12B-4426-8C4E-A3F03D807DA2}.Release|Any CPU.Build.0 = Release|Any CPU
	EndGlobalSection
	GlobalSection(SolutionProperties) = preSolution
		HideSolutionNode = FALSE
	EndGlobalSection
	GlobalSection(ExtensibilityGlobals) = postSolution
		SolutionGuid = {C960C188-8E10-45AD-B2E6-0FAA614DA99C}
	EndGlobalSection
EndGlobal
